
Microsoft Visual Studio Solution File, Format Version 12.00
# Visual Studio Version 16
VisualStudioVersion = 16.0.31911.196
MinimumVisualStudioVersion = 15.0.26124.0
Project("{9A19103F-16F7-4668-BE54-9A1E7A4F7556}") = "cakebuild", "cakebuild.csproj", "{EC313900-B16A-4D89-804D-966617BC2781}"
EndProject
Global
	GlobalSection(SolutionConfigurationPlatforms) = preSolution
		Debug|Any CPU = Debug|Any CPU
		Debug|x64 = Debug|x64
		Debug|x86 = Debug|x86
		Release|Any CPU = Release|Any CPU
		Release|x64 = Release|x64
		Release|x86 = Release|x86
	EndGlobalSection
	GlobalSection(ProjectConfigurationPlatforms) = postSolution
		{EC313900-B16A-4D89-804D-966617BC2781}.Debug|Any CPU.ActiveCfg = Debug|Any CPU
		{EC313900-B16A-4D89-804D-966617BC2781}.Debug|Any CPU.Build.0 = Debug|Any CPU
		{EC313900-B16A-4D89-804D-966617BC2781}.Debug|x64.ActiveCfg = Debug|Any CPU
		{EC313900-B16A-4D89-804D-966617BC2781}.Debug|x64.Build.0 = Debug|Any CPU
		{EC313900-B16A-4D89-804D-966617BC2781}.Debug|x86.ActiveCfg = Debug|Any CPU
		{EC313900-B16A-4D89-804D-966617BC2781}.Debug|x86.Build.0 = Debug|Any CPU
		{EC313900-B16A-4D89-804D-966617BC2781}.Release|Any CPU.ActiveCfg = Release|Any CPU
		{EC313900-B16A-4D89-804D-966617BC2781}.Release|Any CPU.Build.0 = Release|Any CPU
		{EC313900-B16A-4D89-804D-966617BC2781}.Release|x64.ActiveCfg = Release|Any CPU
		{EC313900-B16A-4D89-804D-966617BC2781}.Release|x64.Build.0 = Release|Any CPU
		{EC313900-B16A-4D89-804D-966617BC2781}.Release|x86.ActiveCfg = Release|Any CPU
		{EC313900-B16A-4D89-804D-966617BC2781}.Release|x86.Build.0 = Release|Any CPU
	EndGlobalSection
	GlobalSection(SolutionProperties) = preSolution
		HideSolutionNode = FALSE
	EndGlobalSection
	GlobalSection(ExtensibilityGlobals) = postSolution
		SolutionGuid = {43599161-FF28-4BC7-8CDA-82F9FCD79D08}
	EndGlobalSection
EndGlobal
